{
  "requires": true,
  "lockfileVersion": 1,
  "dependencies": {
    "core-js": {
      "version": "2.5.7",
      "resolved": "https://registry.npmjs.org/core-js/-/core-js-2.5.7.tgz",
      "integrity": "sha512-RszJCAxg/PP6uzXVXL6BsxSXx/B05oJAQ2vkJRjyjrEcNVycaqOmNb5OTxZPE3xa5gwZduqza6L9JOCenh/Ecw=="
    },
    "vue-drag-drop": {
      "version": "1.1.4",
      "resolved": "https://registry.npmjs.org/vue-drag-drop/-/vue-drag-drop-1.1.4.tgz",
      "integrity": "sha512-zrpvKcD5LPVbht7cJ7ZBY0poS8GDLibRck18Zx0polkoSSpTPNMAv/m/b98xtZ3I1jdWGyiPybfPgKFFkygjhQ==",
      "requires": {
        "core-js": "^2.5.3"
      }
    }
  }
}
